
Microsoft Visual Studio Solution File, Format Version 12.00
# Visual Studio Version 17
VisualStudioVersion = 17.5.33424.131
MinimumVisualStudioVersion = 10.0.40219.1
Project("{9A19103F-16F7-4668-BE54-9A1E7A4F7556}") = "SEDC.Homewroknumber.4", "SEDC.Homewroknumber.4\SEDC.Homewroknumber.4.csproj", "{43787A1B-49F9-4530-8612-C1CC9801FB67}"
EndProject
Project("{FAE04EC0-301F-11D3-BF4B-00C04F79EFBC}") = "Task2", "Task2\Task2.csproj", "{333F72C9-DE9B-4636-B888-93C487862820}"
EndProject
Global
	GlobalSection(SolutionConfigurationPlatforms) = preSolution
		Debug|Any CPU = Debug|Any CPU
		Release|Any CPU = Release|Any CPU
	EndGlobalSection
	GlobalSection(ProjectConfigurationPlatforms) = postSolution
		{43787A1B-49F9-4530-8612-C1CC9801FB67}.Debug|Any CPU.ActiveCfg = Debug|Any CPU
		{43787A1B-49F9-4530-8612-C1CC9801FB67}.Debug|Any CPU.Build.0 = Debug|Any CPU
		{43787A1B-49F9-4530-8612-C1CC9801FB67}.Release|Any CPU.ActiveCfg = Release|Any CPU
		{43787A1B-49F9-4530-8612-C1CC9801FB67}.Release|Any CPU.Build.0 = Release|Any CPU
		{333F72C9-DE9B-4636-B888-93C487862820}.Debug|Any CPU.ActiveCfg = Debug|Any CPU
		{333F72C9-DE9B-4636-B888-93C487862820}.Debug|Any CPU.Build.0 = Debug|Any CPU
		{333F72C9-DE9B-4636-B888-93C487862820}.Release|Any CPU.ActiveCfg = Release|Any CPU
		{333F72C9-DE9B-4636-B888-93C487862820}.Release|Any CPU.Build.0 = Release|Any CPU
	EndGlobalSection
	GlobalSection(SolutionProperties) = preSolution
		HideSolutionNode = FALSE
	EndGlobalSection
	GlobalSection(ExtensibilityGlobals) = postSolution
		SolutionGuid = {4B686512-AAED-4914-9EC2-6214BCE95030}
	EndGlobalSection
EndGlobal
